
Microsoft Visual Studio Solution File, Format Version 12.00
# Visual Studio Version 17
VisualStudioVersion = 17.5.33502.453
MinimumVisualStudioVersion = 10.0.40219.1
Project("{FAE04EC0-301F-11D3-BF4B-00C04F79EFBC}") = "ImageConverter", "ImageConverter.csproj", "{80586E30-1FA7-4B5F-AB39-893C3F803732}"
EndProject
Global
	GlobalSection(SolutionConfigurationPlatforms) = preSolution
		Debug|Any CPU = Debug|Any CPU
		Release|Any CPU = Release|Any CPU
	EndGlobalSection
	GlobalSection(ProjectConfigurationPlatforms) = postSolution
		{80586E30-1FA7-4B5F-AB39-893C3F803732}.Debug|Any CPU.ActiveCfg = Debug|Any CPU
		{80586E30-1FA7-4B5F-AB39-893C3F803732}.Debug|Any CPU.Build.0 = Debug|Any CPU
		{80586E30-1FA7-4B5F-AB39-893C3F803732}.Release|Any CPU.ActiveCfg = Release|Any CPU
		{80586E30-1FA7-4B5F-AB39-893C3F803732}.Release|Any CPU.Build.0 = Release|Any CPU
	EndGlobalSection
	GlobalSection(SolutionProperties) = preSolution
		HideSolutionNode = FALSE
	EndGlobalSection
	GlobalSection(ExtensibilityGlobals) = postSolution
		SolutionGuid = {8B5107B8-0A91-40AF-8190-CF495C80BBA0}
	EndGlobalSection
EndGlobal
